// !$*UTF8*$!
{
	archiveVersion = 1;
	classes = {
	};
	objectVersion = 50;
	objects = {

/* Begin PBXBuildFile section */
		DC057AA123B0ED8900F1494B /* TeaData.swift in Sources */ = {isa = PBXBuildFile; fileRef = DC057AA023B0ED8900F1494B /* TeaData.swift */; };
		DC20A17123B0968E003DB015 /* AppDelegate.swift in Sources */ = {isa = PBXBuildFile; fileRef = DC20A17023B0968E003DB015 /* AppDelegate.swift */; };
		DC20A17323B0968E003DB015 /* SceneDelegate.swift in Sources */ = {isa = PBXBuildFile; fileRef = DC20A17223B0968E003DB015 /* SceneDelegate.swift */; };
		DC20A17523B0968E003DB015 /* ViewController.swift in Sources */ = {isa = PBXBuildFile; fileRef = DC20A17423B0968E003DB015 /* ViewController.swift */; };
		DC20A17823B0968E003DB015 /* Main.storyboard in Resources */ = {isa = PBXBuildFile; fileRef = DC20A17623B0968E003DB015 /* Main.storyboard */; };
		DC20A17A23B0968F003DB015 /* Assets.xcassets in Resources */ = {isa = PBXBuildFile; fileRef = DC20A17923B0968F003DB015 /* Assets.xcassets */; };
		DC20A17D23B0968F003DB015 /* LaunchScreen.storyboard in Resources */ = {isa = PBXBuildFile; fileRef = DC20A17B23B0968F003DB015 /* LaunchScreen.storyboard */; };
		DC20A18523B096E9003DB015 /* TeaList.txt in Resources */ = {isa = PBXBuildFile; fileRef = DC20A18423B096E9003DB015 /* TeaList.txt */; };
		DC20A18723B09C99003DB015 /* MenuTableViewController.swift in Sources */ = {isa = PBXBuildFile; fileRef = DC20A18623B09C99003DB015 /* MenuTableViewController.swift */; };
		DC20A18923B09CEA003DB015 /* ListTableViewController.swift in Sources */ = {isa = PBXBuildFile; fileRef = DC20A18823B09CEA003DB015 /* ListTableViewController.swift */; };
		DC20A18B23B09D3B003DB015 /* DetailTableViewController.swift in Sources */ = {isa = PBXBuildFile; fileRef = DC20A18A23B09D3B003DB015 /* DetailTableViewController.swift */; };
/* End PBXBuildFile section */

/* Begin PBXFileReference section */
		DC057AA023B0ED8900F1494B /* TeaData.swift */ = {isa = PBXFileReference; lastKnownFileType = sourcecode.swift; path = TeaData.swift; sourceTree = "<group>"; };
		DC20A16D23B0968E003DB015 /* MyFirstPost.app */ = {isa = PBXFileReference; explicitFileType = wrapper.application; includeInIndex = 0; path = MyFirstPost.app; sourceTree = BUILT_PRODUCTS_DIR; };
		DC20A17023B0968E003DB015 /* AppDelegate.swift */ = {isa = PBXFileReference; lastKnownFileType = sourcecode.swift; path = AppDelegate.swift; sourceTree = "<group>"; };
		DC20A17223B0968E003DB015 /* SceneDelegate.swift */ = {isa = PBXFileReference; lastKnownFileType = sourcecode.swift; path = SceneDelegate.swift; sourceTree = "<group>"; };
		DC20A17423B0968E003DB015 /* ViewController.swift */ = {isa = PBXFileReference; lastKnownFileType = sourcecode.swift; path = ViewController.swift; sourceTree = "<group>"; };
		DC20A17723B0968E003DB015 /* Base */ = {isa = PBXFileReference; lastKnownFileType = file.storyboard; name = Base; path = Base.lproj/Main.storyboard; sourceTree = "<group>"; };
		DC20A17923B0968F003DB015 /* Assets.xcassets */ = {isa = PBXFileReference; lastKnownFileType = folder.assetcatalog; path = Assets.xcassets; sourceTree = "<group>"; };
		DC20A17C23B0968F003DB015 /* Base */ = {isa = PBXFileReference; lastKnownFileType = file.storyboard; name = Base; path = Base.lproj/LaunchScreen.storyboard; sourceTree = "<group>"; };
		DC20A17E23B0968F003DB015 /* Info.plist */ = {isa = PBXFileReference; lastKnownFileType = text.plist.xml; path = Info.plist; sourceTree = "<group>"; };
		DC20A18423B096E9003DB015 /* TeaList.txt */ = {isa = PBXFileReference; fileEncoding = 4; lastKnownFileType = text; path = TeaList.txt; sourceTree = "<group>"; };
		DC20A18623B09C99003DB015 /* MenuTableViewController.swift */ = {isa = PBXFileReference; lastKnownFileType = sourcecode.swift; path = MenuTableViewController.swift; sourceTree = "<group>"; };
		DC20A18823B09CEA003DB015 /* ListTableViewController.swift */ = {isa = PBXFileReference; lastKnownFileType = sourcecode.swift; path = ListTableViewController.swift; sourceTree = "<group>"; };
		DC20A18A23B09D3B003DB015 /* DetailTableViewController.swift */ = {isa = PBXFileReference; lastKnownFileType = sourcecode.swift; path = DetailTableViewController.swift; sourceTree = "<group>"; };
/* End PBXFileReference section */

/* Begin PBXFrameworksBuildPhase section */
		DC20A16A23B0968E003DB015 /* Frameworks */ = {
			isa = PBXFrameworksBuildPhase;
			buildActionMask = 2147483647;
			files = (
			);
			runOnlyForDeploymentPostprocessing = 0;
		};
/* End PBXFrameworksBuildPhase section */

/* Begin PBXGroup section */
		DC20A16423B0968D003DB015 = {
			isa = PBXGroup;
			children = (
				DC20A16F23B0968E003DB015 /* MyFirstPost */,
				DC20A16E23B0968E003DB015 /* Products */,
			);
			sourceTree = "<group>";
		};
		DC20A16E23B0968E003DB015 /* Products */ = {
			isa = PBXGroup;
			children = (
				DC20A16D23B0968E003DB015 /* MyFirstPost.app */,
			);
			name = Products;
			sourceTree = "<group>";
		};
		DC20A16F23B0968E003DB015 /* MyFirstPost */ = {
			isa = PBXGroup;
			children = (
				DC20A17023B0968E003DB015 /* AppDelegate.swift */,
				DC20A17223B0968E003DB015 /* SceneDelegate.swift */,
				DC20A17423B0968E003DB015 /* ViewController.swift */,
				DC20A18423B096E9003DB015 /* TeaList.txt */,
				DC057AA023B0ED8900F1494B /* TeaData.swift */,
				DC20A17623B0968E003DB015 /* Main.storyboard */,
				DC20A18A23B09D3B003DB015 /* DetailTableViewController.swift */,
				DC20A18823B09CEA003DB015 /* ListTableViewController.swift */,
				DC20A18623B09C99003DB015 /* MenuTableViewController.swift */,
				DC20A17923B0968F003DB015 /* Assets.xcassets */,
				DC20A17B23B0968F003DB015 /* LaunchScreen.storyboard */,
				DC20A17E23B0968F003DB015 /* Info.plist */,
			);
			path = MyFirstPost;
			sourceTree = "<group>";
		};
/* End PBXGroup section */

/* Begin PBXNativeTarget section */
		DC20A16C23B0968E003DB015 /* MyFirstPost */ = {
			isa = PBXNativeTarget;
			buildConfigurationList = DC20A18123B0968F003DB015 /* Build configuration list for PBXNativeTarget "MyFirstPost" */;
			buildPhases = (
				DC20A16923B0968E003DB015 /* Sources */,
				DC20A16A23B0968E003DB015 /* Frameworks */,
				DC20A16B23B0968E003DB015 /* Resources */,
			);
			buildRules = (
			);
			dependencies = (
			);
			name = MyFirstPost;
			productName = MyFirstPost;
			productReference = DC20A16D23B0968E003DB015 /* MyFirstPost.app */;
			productType = "com.apple.product-type.application";
		};
/* End PBXNativeTarget section */

/* Begin PBXProject section */
		DC20A16523B0968E003DB015 /* Project object */ = {
			isa = PBXProject;
			attributes = {
				LastSwiftUpdateCheck = 1120;
				LastUpgradeCheck = 1120;
				ORGANIZATIONNAME = Yvonne;
				TargetAttributes = {
					DC20A16C23B0968E003DB015 = {
						CreatedOnToolsVersion = 11.2.1;
					};
				};
			};
			buildConfigurationList = DC20A16823B0968E003DB015 /* Build configuration list for PBXProject "MyFirstPost" */;
			compatibilityVersion = "Xcode 9.3";
			developmentRegion = en;
			hasScannedForEncodings = 0;
			knownRegions = (
				en,
				Base,
			);
			mainGroup = DC20A16423B0968D003DB015;
			productRefGroup = DC20A16E23B0968E003DB015 /* Products */;
			projectDirPath = "";
			projectRoot = "";
			targets = (
				DC20A16C23B0968E003DB015 /* MyFirstPost */,
			);
		};
/* End PBXProject section */

/* Begin PBXResourcesBuildPhase section */
		DC20A16B23B0968E003DB015 /* Resources */ = {
			isa = PBXResourcesBuildPhase;
			buildActionMask = 2147483647;
			files = (
				DC20A17D23B0968F003DB015 /* LaunchScreen.storyboard in Resources */,
				DC20A17A23B0968F003DB015 /* Assets.xcassets in Resources */,
				DC20A17823B0968E003DB015 /* Main.storyboard in Resources */,
				DC20A18523B096E9003DB015 /* TeaList.txt in Resources */,
			);
			runOnlyForDeploymentPostprocessing = 0;
		};
/* End PBXResourcesBuildPhase section */

/* Begin PBXSourcesBuildPhase section */
		DC20A16923B0968E003DB015 /* Sources */ = {
			isa = PBXSourcesBuildPhase;
			buildActionMask = 2147483647;
			files = (
				DC20A18B23B09D3B003DB015 /* DetailTableViewController.swift in Sources */,
				DC20A18723B09C99003DB015 /* MenuTableViewController.swift in Sources */,
				DC20A17523B0968E003DB015 /* ViewController.swift in Sources */,
				DC057AA123B0ED8900F1494B /* TeaData.swift in Sources */,
				DC20A17123B0968E003DB015 /* AppDelegate.swift in Sources */,
				DC20A18923B09CEA003DB015 /* ListTableViewController.swift in Sources */,
				DC20A17323B0968E003DB015 /* SceneDelegate.swift in Sources */,
			);
			runOnlyForDeploymentPostprocessing = 0;
		};
/* End PBXSourcesBuildPhase section */

/* Begin PBXVariantGroup section */
		DC20A17623B0968E003DB015 /* Main.storyboard */ = {
			isa = PBXVariantGroup;
			children = (
				DC20A17723B0968E003DB015 /* Base */,
			);
			name = Main.storyboard;
			sourceTree = "<group>";
		};
		DC20A17B23B0968F003DB015 /* LaunchScreen.storyboard */ = {
			isa = PBXVariantGroup;
			children = (
				DC20A17C23B0968F003DB015 /* Base */,
			);
			name = LaunchScreen.storyboard;
			sourceTree = "<group>";
		};
/* End PBXVariantGroup section */

/* Begin XCBuildConfiguration section */
		DC20A17F23B0968F003DB015 /* Debug */ = {
			isa = XCBuildConfiguration;
			buildSettings = {
				ALWAYS_SEARCH_USER_PATHS = NO;
				CLANG_ANALYZER_NONNULL = YES;
				CLANG_ANALYZER_NUMBER_OBJECT_CONVERSION = YES_AGGRESSIVE;
				CLANG_CXX_LANGUAGE_STANDARD = "gnu++14";
				CLANG_CXX_LIBRARY = "libc++";
				CLANG_ENABLE_MODULES = YES;
				CLANG_ENABLE_OBJC_ARC = YES;
				CLANG_ENABLE_OBJC_WEAK = YES;
				CLANG_WARN_BLOCK_CAPTURE_AUTORELEASING = YES;
				CLANG_WARN_BOOL_CONVERSION = YES;
				CLANG_WARN_COMMA = YES;
				CLANG_WARN_CONSTANT_CONVERSION = YES;
				CLANG_WARN_DEPRECATED_OBJC_IMPLEMENTATIONS = YES;
				CLANG_WARN_DIRECT_OBJC_ISA_USAGE = YES_ERROR;
				CLANG_WARN_DOCUMENTATION_COMMENTS = YES;
				CLANG_WARN_EMPTY_BODY = YES;
				CLANG_WARN_ENUM_CONVERSION = YES;
				CLANG_WARN_INFINITE_RECURSION = YES;
				CLANG_WARN_INT_CONVERSION = YES;
				CLANG_WARN_NON_LITERAL_NULL_CONVERSION = YES;
				CLANG_WARN_OBJC_IMPLICIT_RETAIN_SELF = YES;
				CLANG_WARN_OBJC_LITERAL_CONVERSION = YES;
				CLANG_WARN_OBJC_ROOT_CLASS = YES_ERROR;
				CLANG_WARN_RANGE_LOOP_ANALYSIS = YES;
				CLANG_WARN_STRICT_PROTOTYPES = YES;
				CLANG_WARN_SUSPICIOUS_MOVE = YES;
				CLANG_WARN_UNGUARDED_AVAILABILITY = YES_AGGRESSIVE;
				CLANG_WARN_UNREACHABLE_CODE = YES;
				CLANG_WARN__DUPLICATE_METHOD_MATCH = YES;
				COPY_PHASE_STRIP = NO;
				DEBUG_INFORMATION_FORMAT = dwarf;
				ENABLE_STRICT_OBJC_MSGSEND = YES;
				ENABLE_TESTABILITY = YES;
				GCC_C_LANGUAGE_STANDARD = gnu11;
				GCC_DYNAMIC_NO_PIC = NO;
				GCC_NO_COMMON_BLOCKS = YES;
				GCC_OPTIMIZATION_LEVEL = 0;
				GCC_PREPROCESSOR_DEFINITIONS = (
					"DEBUG=1",
					"$(inherited)",
				);
				GCC_WARN_64_TO_32_BIT_CONVERSION = YES;
				GCC_WARN_ABOUT_RETURN_TYPE = YES_ERROR;
				GCC_WARN_UNDECLARED_SELECTOR = YES;
				GCC_WARN_UNINITIALIZED_AUTOS = YES_AGGRESSIVE;
				GCC_WARN_UNUSED_FUNCTION = YES;
				GCC_WARN_UNUSED_VARIABLE = YES;
				IPHONEOS_DEPLOYMENT_TARGET = 13.2;
				MTL_ENABLE_DEBUG_INFO = INCLUDE_SOURCE;
				MTL_FAST_MATH = YES;
				ONLY_ACTIVE_ARCH = YES;
				SDKROOT = iphoneos;
				SWIFT_ACTIVE_COMPILATION_CONDITIONS = DEBUG;
				SWIFT_OPTIMIZATION_LEVEL = "-Onone";
			};
			name = Debug;
		};
		DC20A18023B0968F003DB015 /* Release */ = {
			isa = XCBuildConfiguration;
			buildSettings = {
				ALWAYS_SEARCH_USER_PATHS = NO;
				CLANG_ANALYZER_NONNULL = YES;
				CLANG_ANALYZER_NUMBER_OBJECT_CONVERSION = YES_AGGRESSIVE;
				CLANG_CXX_LANGUAGE_STANDARD = "gnu++14";
				CLANG_CXX_LIBRARY = "libc++";
				CLANG_ENABLE_MODULES = YES;
				CLANG_ENABLE_OBJC_ARC = YES;
				CLANG_ENABLE_OBJC_WEAK = YES;
				CLANG_WARN_BLOCK_CAPTURE_AUTORELEASING = YES;
				CLANG_WARN_BOOL_CONVERSION = YES;
				CLANG_WARN_COMMA = YES;
				CLANG_WARN_CONSTANT_CONVERSION = YES;
				CLANG_WARN_DEPRECATED_OBJC_IMPLEMENTATIONS = YES;
				CLANG_WARN_DIRECT_OBJC_ISA_USAGE = YES_ERROR;
				CLANG_WARN_DOCUMENTATION_COMMENTS = YES;
				CLANG_WARN_EMPTY_BODY = YES;
				CLANG_WARN_ENUM_CONVERSION = YES;
				CLANG_WARN_INFINITE_RECURSION = YES;
				CLANG_WARN_INT_CONVERSION = YES;
				CLANG_WARN_NON_LITERAL_NULL_CONVERSION = YES;
				CLANG_WARN_OBJC_IMPLICIT_RETAIN_SELF = YES;
				CLANG_WARN_OBJC_LITERAL_CONVERSION = YES;
				CLANG_WARN_OBJC_ROOT_CLASS = YES_ERROR;
				CLANG_WARN_RANGE_LOOP_ANALYSIS = YES;
				CLANG_WARN_STRICT_PROTOTYPES = YES;
				CLANG_WARN_SUSPICIOUS_MOVE = YES;
				CLANG_WARN_UNGUARDED_AVAILABILITY = YES_AGGRESSIVE;
				CLANG_WARN_UNREACHABLE_CODE = YES;
				CLANG_WARN__DUPLICATE_METHOD_MATCH = YES;
				COPY_PHASE_STRIP = NO;
				DEBUG_INFORMATION_FORMAT = "dwarf-with-dsym";
				ENABLE_NS_ASSERTIONS = NO;
				ENABLE_STRICT_OBJC_MSGSEND = YES;
				GCC_C_LANGUAGE_STANDARD = gnu11;
				GCC_NO_COMMON_BLOCKS = YES;
				GCC_WARN_64_TO_32_BIT_CONVERSION = YES;
				GCC_WARN_ABOUT_RETURN_TYPE = YES_ERROR;
				GCC_WARN_UNDECLARED_SELECTOR = YES;
				GCC_WARN_UNINITIALIZED_AUTOS = YES_AGGRESSIVE;
				GCC_WARN_UNUSED_FUNCTION = YES;
				GCC_WARN_UNUSED_VARIABLE = YES;
				IPHONEOS_DEPLOYMENT_TARGET = 13.2;
				MTL_ENABLE_DEBUG_INFO = NO;
				MTL_FAST_MATH = YES;
				SDKROOT = iphoneos;
				SWIFT_COMPILATION_MODE = wholemodule;
				SWIFT_OPTIMIZATION_LEVEL = "-O";
				VALIDATE_PRODUCT = YES;
			};
			name = Release;
		};
		DC20A18223B0968F003DB015 /* Debug */ = {
			isa = XCBuildConfiguration;
			buildSettings = {
				ASSETCATALOG_COMPILER_APPICON_NAME = AppIcon;
				CODE_SIGN_STYLE = Automatic;
				DEVELOPMENT_TEAM = 8AA3AD9V8X;
				INFOPLIST_FILE = MyFirstPost/Info.plist;
				LD_RUNPATH_SEARCH_PATHS = (
					"$(inherited)",
					"@executable_path/Frameworks",
				);
				PRODUCT_BUNDLE_IDENTIFIER = com.tintinye.MyFirstPost;
				PRODUCT_NAME = "$(TARGET_NAME)";
				SWIFT_VERSION = 5.0;
				TARGETED_DEVICE_FAMILY = "1,2";
			};
			name = Debug;
		};
		DC20A18323B0968F003DB015 /* Release */ = {
			isa = XCBuildConfiguration;
			buildSettings = {
				ASSETCATALOG_COMPILER_APPICON_NAME = AppIcon;
				CODE_SIGN_STYLE = Automatic;
				DEVELOPMENT_TEAM = 8AA3AD9V8X;
				INFOPLIST_FILE = MyFirstPost/Info.plist;
				LD_RUNPATH_SEARCH_PATHS = (
					"$(inherited)",
					"@executable_path/Frameworks",
				);
				PRODUCT_BUNDLE_IDENTIFIER = com.tintinye.MyFirstPost;
				PRODUCT_NAME = "$(TARGET_NAME)";
				SWIFT_VERSION = 5.0;
				TARGETED_DEVICE_FAMILY = "1,2";
			};
			name = Release;
		};
/* End XCBuildConfiguration section */

/* Begin XCConfigurationList section */
		DC20A16823B0968E003DB015 /* Build configuration list for PBXProject "MyFirstPost" */ = {
			isa = XCConfigurationList;
			buildConfigurations = (
				DC20A17F23B0968F003DB015 /* Debug */,
				DC20A18023B0968F003DB015 /* Release */,
			);
			defaultConfigurationIsVisible = 0;
			defaultConfigurationName = Release;
		};
		DC20A18123B0968F003DB015 /* Build configuration list for PBXNativeTarget "MyFirstPost" */ = {
			isa = XCConfigurationList;
			buildConfigurations = (
				DC20A18223B0968F003DB015 /* Debug */,
				DC20A18323B0968F003DB015 /* Release */,
			);
			defaultConfigurationIsVisible = 0;
			defaultConfigurationName = Release;
		};
/* End XCConfigurationList section */
	};
	rootObject = DC20A16523B0968E003DB015 /* Project object */;
}
